// !$*UTF8*$!
{
	archiveVersion = 1;
	classes = {
	};
	objectVersion = 50;
	objects = {

/* Begin PBXBuildFile section */
		38B01A7226301BA70094ECD7 /* SleepCalculatorAppApp.swift in Sources */ = {isa = PBXBuildFile; fileRef = 38B01A7126301BA70094ECD7 /* SleepCalculatorAppApp.swift */; };
		38B01A7426301BA70094ECD7 /* ContentView.swift in Sources */ = {isa = PBXBuildFile; fileRef = 38B01A7326301BA70094ECD7 /* ContentView.swift */; };
		38B01A7626301BA80094ECD7 /* Assets.xcassets in Resources */ = {isa = PBXBuildFile; fileRef = 38B01A7526301BA80094ECD7 /* Assets.xcassets */; };
		38B01A7926301BA80094ECD7 /* Preview Assets.xcassets in Resources */ = {isa = PBXBuildFile; fileRef = 38B01A7826301BA80094ECD7 /* Preview Assets.xcassets */; };
		38B01A8426301BA80094ECD7 /* SleepCalculatorAppTests.swift in Sources */ = {isa = PBXBuildFile; fileRef = 38B01A8326301BA80094ECD7 /* SleepCalculatorAppTests.swift */; };
		38B01A8F26301BA80094ECD7 /* SleepCalculatorAppUITests.swift in Sources */ = {isa = PBXBuildFile; fileRef = 38B01A8E26301BA80094ECD7 /* SleepCalculatorAppUITests.swift */; };
		38B01AA026301DCB0094ECD7 /* Intro-Screen1.swift in Sources */ = {isa = PBXBuildFile; fileRef = 38B01A9F26301DCA0094ECD7 /* Intro-Screen1.swift */; };
		38B01AA526301DD50094ECD7 /* Intro-Screen2.swift in Sources */ = {isa = PBXBuildFile; fileRef = 38B01AA426301DD50094ECD7 /* Intro-Screen2.swift */; };
		38B01AAA26301DDE0094ECD7 /* Intro-Screen3.swift in Sources */ = {isa = PBXBuildFile; fileRef = 38B01AA926301DDE0094ECD7 /* Intro-Screen3.swift */; };
		38B01AAF26301DE70094ECD7 /* Intro-Screen4.swift in Sources */ = {isa = PBXBuildFile; fileRef = 38B01AAE26301DE70094ECD7 /* Intro-Screen4.swift */; };
		38B01ABA26302D1D0094ECD7 /* MainScreen.swift in Sources */ = {isa = PBXBuildFile; fileRef = 38B01AB926302D1D0094ECD7 /* MainScreen.swift */; };
		38B01ABF263063BE0094ECD7 /* CalculateSleep.swift in Sources */ = {isa = PBXBuildFile; fileRef = 38B01ABE263063BE0094ECD7 /* CalculateSleep.swift */; };
		38F452062630734E009D0E02 /* SleepCalculatorApp-final.mlmodel in Sources */ = {isa = PBXBuildFile; fileRef = 38F452052630734E009D0E02 /* SleepCalculatorApp-final.mlmodel */; };
		38F4520E263077EE009D0E02 /* MainView2.swift in Sources */ = {isa = PBXBuildFile; fileRef = 38F4520D263077EE009D0E02 /* MainView2.swift */; };
		38F4521D2631429E009D0E02 /* Info-View.swift in Sources */ = {isa = PBXBuildFile; fileRef = 38F4521C2631429E009D0E02 /* Info-View.swift */; };
/* End PBXBuildFile section */

/* Begin PBXContainerItemProxy section */
		38B01A8026301BA80094ECD7 /* PBXContainerItemProxy */ = {
			isa = PBXContainerItemProxy;
			containerPortal = 38B01A6626301BA70094ECD7 /* Project object */;
			proxyType = 1;
			remoteGlobalIDString = 38B01A6D26301BA70094ECD7;
			remoteInfo = SleepCalculatorApp;
		};
		38B01A8B26301BA80094ECD7 /* PBXContainerItemProxy */ = {
			isa = PBXContainerItemProxy;
			containerPortal = 38B01A6626301BA70094ECD7 /* Project object */;
			proxyType = 1;
			remoteGlobalIDString = 38B01A6D26301BA70094ECD7;
			remoteInfo = SleepCalculatorApp;
		};
/* End PBXContainerItemProxy section */

/* Begin PBXFileReference section */
		38B01A6E26301BA70094ECD7 /* BedSetGo.app */ = {isa = PBXFileReference; explicitFileType = wrapper.application; includeInIndex = 0; path = BedSetGo.app; sourceTree = BUILT_PRODUCTS_DIR; };
		38B01A7126301BA70094ECD7 /* SleepCalculatorAppApp.swift */ = {isa = PBXFileReference; lastKnownFileType = sourcecode.swift; path = SleepCalculatorAppApp.swift; sourceTree = "<group>"; };
		38B01A7326301BA70094ECD7 /* ContentView.swift */ = {isa = PBXFileReference; lastKnownFileType = sourcecode.swift; path = ContentView.swift; sourceTree = "<group>"; };
		38B01A7526301BA80094ECD7 /* Assets.xcassets */ = {isa = PBXFileReference; lastKnownFileType = folder.assetcatalog; path = Assets.xcassets; sourceTree = "<group>"; };
		38B01A7826301BA80094ECD7 /* Preview Assets.xcassets */ = {isa = PBXFileReference; lastKnownFileType = folder.assetcatalog; path = "Preview Assets.xcassets"; sourceTree = "<group>"; };
		38B01A7A26301BA80094ECD7 /* Info.plist */ = {isa = PBXFileReference; lastKnownFileType = text.plist.xml; path = Info.plist; sourceTree = "<group>"; };
		38B01A7F26301BA80094ECD7 /* BedSetGoTests.xctest */ = {isa = PBXFileReference; explicitFileType = wrapper.cfbundle; includeInIndex = 0; path = BedSetGoTests.xctest; sourceTree = BUILT_PRODUCTS_DIR; };
		38B01A8326301BA80094ECD7 /* SleepCalculatorAppTests.swift */ = {isa = PBXFileReference; lastKnownFileType = sourcecode.swift; path = SleepCalculatorAppTests.swift; sourceTree = "<group>"; };
		38B01A8526301BA80094ECD7 /* Info.plist */ = {isa = PBXFileReference; lastKnownFileType = text.plist.xml; path = Info.plist; sourceTree = "<group>"; };
		38B01A8A26301BA80094ECD7 /* BedSetGoUITests.xctest */ = {isa = PBXFileReference; explicitFileType = wrapper.cfbundle; includeInIndex = 0; path = BedSetGoUITests.xctest; sourceTree = BUILT_PRODUCTS_DIR; };
		38B01A8E26301BA80094ECD7 /* SleepCalculatorAppUITests.swift */ = {isa = PBXFileReference; lastKnownFileType = sourcecode.swift; path = SleepCalculatorAppUITests.swift; sourceTree = "<group>"; };
		38B01A9026301BA80094ECD7 /* Info.plist */ = {isa = PBXFileReference; lastKnownFileType = text.plist.xml; path = Info.plist; sourceTree = "<group>"; };
		38B01A9F26301DCA0094ECD7 /* Intro-Screen1.swift */ = {isa = PBXFileReference; lastKnownFileType = sourcecode.swift; path = "Intro-Screen1.swift"; sourceTree = "<group>"; };
		38B01AA426301DD50094ECD7 /* Intro-Screen2.swift */ = {isa = PBXFileReference; lastKnownFileType = sourcecode.swift; path = "Intro-Screen2.swift"; sourceTree = "<group>"; };
		38B01AA926301DDE0094ECD7 /* Intro-Screen3.swift */ = {isa = PBXFileReference; lastKnownFileType = sourcecode.swift; path = "Intro-Screen3.swift"; sourceTree = "<group>"; };
		38B01AAE26301DE70094ECD7 /* Intro-Screen4.swift */ = {isa = PBXFileReference; lastKnownFileType = sourcecode.swift; path = "Intro-Screen4.swift"; sourceTree = "<group>"; };
		38B01AB926302D1D0094ECD7 /* MainScreen.swift */ = {isa = PBXFileReference; lastKnownFileType = sourcecode.swift; path = MainScreen.swift; sourceTree = "<group>"; };
		38B01ABE263063BE0094ECD7 /* CalculateSleep.swift */ = {isa = PBXFileReference; lastKnownFileType = sourcecode.swift; path = CalculateSleep.swift; sourceTree = "<group>"; };
		38F452052630734E009D0E02 /* SleepCalculatorApp-final.mlmodel */ = {isa = PBXFileReference; lastKnownFileType = file.mlmodel; name = "SleepCalculatorApp-final.mlmodel"; path = "../../../../SleepCalculatorApp-final.mlmodel"; sourceTree = "<group>"; };
		38F4520D263077EE009D0E02 /* MainView2.swift */ = {isa = PBXFileReference; lastKnownFileType = sourcecode.swift; path = MainView2.swift; sourceTree = "<group>"; };
		38F4521C2631429E009D0E02 /* Info-View.swift */ = {isa = PBXFileReference; lastKnownFileType = sourcecode.swift; path = "Info-View.swift"; sourceTree = "<group>"; };
/* End PBXFileReference section */

/* Begin PBXFrameworksBuildPhase section */
		38B01A6B26301BA70094ECD7 /* Frameworks */ = {
			isa = PBXFrameworksBuildPhase;
			buildActionMask = 2147483647;
			files = (
			);
			runOnlyForDeploymentPostprocessing = 0;
		};
		38B01A7C26301BA80094ECD7 /* Frameworks */ = {
			isa = PBXFrameworksBuildPhase;
			buildActionMask = 2147483647;
			files = (
			);
			runOnlyForDeploymentPostprocessing = 0;
		};
		38B01A8726301BA80094ECD7 /* Frameworks */ = {
			isa = PBXFrameworksBuildPhase;
			buildActionMask = 2147483647;
			files = (
			);
			runOnlyForDeploymentPostprocessing = 0;
		};
/* End PBXFrameworksBuildPhase section */

/* Begin PBXGroup section */
		38B01A6526301BA70094ECD7 = {
			isa = PBXGroup;
			children = (
				38B01A7026301BA70094ECD7 /* BedSetGo */,
				38B01A8226301BA80094ECD7 /* BedSetGoTests */,
				38B01A8D26301BA80094ECD7 /* BedSetGoUITests */,
				38B01A6F26301BA70094ECD7 /* Products */,
			);
			sourceTree = "<group>";
		};
		38B01A6F26301BA70094ECD7 /* Products */ = {
			isa = PBXGroup;
			children = (
				38B01A6E26301BA70094ECD7 /* BedSetGo.app */,
				38B01A7F26301BA80094ECD7 /* BedSetGoTests.xctest */,
				38B01A8A26301BA80094ECD7 /* BedSetGoUITests.xctest */,
			);
			name = Products;
			sourceTree = "<group>";
		};
		38B01A7026301BA70094ECD7 /* BedSetGo */ = {
			isa = PBXGroup;
			children = (
				38B01A7126301BA70094ECD7 /* SleepCalculatorAppApp.swift */,
				38B01A7326301BA70094ECD7 /* ContentView.swift */,
				38F4521226308E98009D0E02 /* Intro-Screens */,
				38F4520D263077EE009D0E02 /* MainView2.swift */,
				38F4521C2631429E009D0E02 /* Info-View.swift */,
				38B01AB926302D1D0094ECD7 /* MainScreen.swift */,
				38B01ABE263063BE0094ECD7 /* CalculateSleep.swift */,
				38F452052630734E009D0E02 /* SleepCalculatorApp-final.mlmodel */,
				38B01A7526301BA80094ECD7 /* Assets.xcassets */,
				38B01A7A26301BA80094ECD7 /* Info.plist */,
				38B01A7726301BA80094ECD7 /* Preview Content */,
			);
			path = BedSetGo;
			sourceTree = "<group>";
		};
		38B01A7726301BA80094ECD7 /* Preview Content */ = {
			isa = PBXGroup;
			children = (
				38B01A7826301BA80094ECD7 /* Preview Assets.xcassets */,
			);
			path = "Preview Content";
			sourceTree = "<group>";
		};
		38B01A8226301BA80094ECD7 /* BedSetGoTests */ = {
			isa = PBXGroup;
			children = (
				38B01A8326301BA80094ECD7 /* SleepCalculatorAppTests.swift */,
				38B01A8526301BA80094ECD7 /* Info.plist */,
			);
			path = BedSetGoTests;
			sourceTree = "<group>";
		};
		38B01A8D26301BA80094ECD7 /* BedSetGoUITests */ = {
			isa = PBXGroup;
			children = (
				38B01A8E26301BA80094ECD7 /* SleepCalculatorAppUITests.swift */,
				38B01A9026301BA80094ECD7 /* Info.plist */,
			);
			path = BedSetGoUITests;
			sourceTree = "<group>";
		};
		38F4521226308E98009D0E02 /* Intro-Screens */ = {
			isa = PBXGroup;
			children = (
				38B01A9F26301DCA0094ECD7 /* Intro-Screen1.swift */,
				38B01AA926301DDE0094ECD7 /* Intro-Screen3.swift */,
				38B01AA426301DD50094ECD7 /* Intro-Screen2.swift */,
				38B01AAE26301DE70094ECD7 /* Intro-Screen4.swift */,
			);
			path = "Intro-Screens";
			sourceTree = "<group>";
		};
/* End PBXGroup section */

/* Begin PBXNativeTarget section */
		38B01A6D26301BA70094ECD7 /* BedSetGo */ = {
			isa = PBXNativeTarget;
			buildConfigurationList = 38B01A9326301BA80094ECD7 /* Build configuration list for PBXNativeTarget "BedSetGo" */;
			buildPhases = (
				38B01A6A26301BA70094ECD7 /* Sources */,
				38B01A6B26301BA70094ECD7 /* Frameworks */,
				38B01A6C26301BA70094ECD7 /* Resources */,
			);
			buildRules = (
			);
			dependencies = (
			);
			name = BedSetGo;
			productName = SleepCalculatorApp;
			productReference = 38B01A6E26301BA70094ECD7 /* BedSetGo.app */;
			productType = "com.apple.product-type.application";
		};
		38B01A7E26301BA80094ECD7 /* BedSetGoTests */ = {
			isa = PBXNativeTarget;
			buildConfigurationList = 38B01A9626301BA80094ECD7 /* Build configuration list for PBXNativeTarget "BedSetGoTests" */;
			buildPhases = (
				38B01A7B26301BA80094ECD7 /* Sources */,
				38B01A7C26301BA80094ECD7 /* Frameworks */,
				38B01A7D26301BA80094ECD7 /* Resources */,
			);
			buildRules = (
			);
			dependencies = (
				38B01A8126301BA80094ECD7 /* PBXTargetDependency */,
			);
			name = BedSetGoTests;
			productName = SleepCalculatorAppTests;
			productReference = 38B01A7F26301BA80094ECD7 /* BedSetGoTests.xctest */;
			productType = "com.apple.product-type.bundle.unit-test";
		};
		38B01A8926301BA80094ECD7 /* BedSetGoUITests */ = {
			isa = PBXNativeTarget;
			buildConfigurationList = 38B01A9926301BA80094ECD7 /* Build configuration list for PBXNativeTarget "BedSetGoUITests" */;
			buildPhases = (
				38B01A8626301BA80094ECD7 /* Sources */,
				38B01A8726301BA80094ECD7 /* Frameworks */,
				38B01A8826301BA80094ECD7 /* Resources */,
			);
			buildRules = (
			);
			dependencies = (
				38B01A8C26301BA80094ECD7 /* PBXTargetDependency */,
			);
			name = BedSetGoUITests;
			productName = SleepCalculatorAppUITests;
			productReference = 38B01A8A26301BA80094ECD7 /* BedSetGoUITests.xctest */;
			productType = "com.apple.product-type.bundle.ui-testing";
		};
/* End PBXNativeTarget section */

/* Begin PBXProject section */
		38B01A6626301BA70094ECD7 /* Project object */ = {
			isa = PBXProject;
			attributes = {
				LastSwiftUpdateCheck = 1240;
				LastUpgradeCheck = 1240;
				TargetAttributes = {
					38B01A6D26301BA70094ECD7 = {
						CreatedOnToolsVersion = 12.4;
					};
					38B01A7E26301BA80094ECD7 = {
						CreatedOnToolsVersion = 12.4;
						TestTargetID = 38B01A6D26301BA70094ECD7;
					};
					38B01A8926301BA80094ECD7 = {
						CreatedOnToolsVersion = 12.4;
						TestTargetID = 38B01A6D26301BA70094ECD7;
					};
				};
			};
			buildConfigurationList = 38B01A6926301BA70094ECD7 /* Build configuration list for PBXProject "BedSetGo" */;
			compatibilityVersion = "Xcode 9.3";
			developmentRegion = en;
			hasScannedForEncodings = 0;
			knownRegions = (
				en,
				Base,
			);
			mainGroup = 38B01A6526301BA70094ECD7;
			productRefGroup = 38B01A6F26301BA70094ECD7 /* Products */;
			projectDirPath = "";
			projectRoot = "";
			targets = (
				38B01A6D26301BA70094ECD7 /* BedSetGo */,
				38B01A7E26301BA80094ECD7 /* BedSetGoTests */,
				38B01A8926301BA80094ECD7 /* BedSetGoUITests */,
			);
		};
/* End PBXProject section */

/* Begin PBXResourcesBuildPhase section */
		38B01A6C26301BA70094ECD7 /* Resources */ = {
			isa = PBXResourcesBuildPhase;
			buildActionMask = 2147483647;
			files = (
				38B01A7926301BA80094ECD7 /* Preview Assets.xcassets in Resources */,
				38B01A7626301BA80094ECD7 /* Assets.xcassets in Resources */,
			);
			runOnlyForDeploymentPostprocessing = 0;
		};
		38B01A7D26301BA80094ECD7 /* Resources */ = {
			isa = PBXResourcesBuildPhase;
			buildActionMask = 2147483647;
			files = (
			);
			runOnlyForDeploymentPostprocessing = 0;
		};
		38B01A8826301BA80094ECD7 /* Resources */ = {
			isa = PBXResourcesBuildPhase;
			buildActionMask = 2147483647;
			files = (
			);
			runOnlyForDeploymentPostprocessing = 0;
		};
/* End PBXResourcesBuildPhase section */

/* Begin PBXSourcesBuildPhase section */
		38B01A6A26301BA70094ECD7 /* Sources */ = {
			isa = PBXSourcesBuildPhase;
			buildActionMask = 2147483647;
			files = (
				38B01A7426301BA70094ECD7 /* ContentView.swift in Sources */,
				38B01ABA26302D1D0094ECD7 /* MainScreen.swift in Sources */,
				38F4521D2631429E009D0E02 /* Info-View.swift in Sources */,
				38B01AA526301DD50094ECD7 /* Intro-Screen2.swift in Sources */,
				38F452062630734E009D0E02 /* SleepCalculatorApp-final.mlmodel in Sources */,
				38F4520E263077EE009D0E02 /* MainView2.swift in Sources */,
				38B01AA026301DCB0094ECD7 /* Intro-Screen1.swift in Sources */,
				38B01AAF26301DE70094ECD7 /* Intro-Screen4.swift in Sources */,
				38B01A7226301BA70094ECD7 /* SleepCalculatorAppApp.swift in Sources */,
				38B01ABF263063BE0094ECD7 /* CalculateSleep.swift in Sources */,
				38B01AAA26301DDE0094ECD7 /* Intro-Screen3.swift in Sources */,
			);
			runOnlyForDeploymentPostprocessing = 0;
		};
		38B01A7B26301BA80094ECD7 /* Sources */ = {
			isa = PBXSourcesBuildPhase;
			buildActionMask = 2147483647;
			files = (
				38B01A8426301BA80094ECD7 /* SleepCalculatorAppTests.swift in Sources */,
			);
			runOnlyForDeploymentPostprocessing = 0;
		};
		38B01A8626301BA80094ECD7 /* Sources */ = {
			isa = PBXSourcesBuildPhase;
			buildActionMask = 2147483647;
			files = (
				38B01A8F26301BA80094ECD7 /* SleepCalculatorAppUITests.swift in Sources */,
			);
			runOnlyForDeploymentPostprocessing = 0;
		};
/* End PBXSourcesBuildPhase section */

/* Begin PBXTargetDependency section */
		38B01A8126301BA80094ECD7 /* PBXTargetDependency */ = {
			isa = PBXTargetDependency;
			target = 38B01A6D26301BA70094ECD7 /* BedSetGo */;
			targetProxy = 38B01A8026301BA80094ECD7 /* PBXContainerItemProxy */;
		};
		38B01A8C26301BA80094ECD7 /* PBXTargetDependency */ = {
			isa = PBXTargetDependency;
			target = 38B01A6D26301BA70094ECD7 /* BedSetGo */;
			targetProxy = 38B01A8B26301BA80094ECD7 /* PBXContainerItemProxy */;
		};
/* End PBXTargetDependency section */

/* Begin XCBuildConfiguration section */
		38B01A9126301BA80094ECD7 /* Debug */ = {
			isa = XCBuildConfiguration;
			buildSettings = {
				ALWAYS_SEARCH_USER_PATHS = NO;
				CLANG_ANALYZER_NONNULL = YES;
				CLANG_ANALYZER_NUMBER_OBJECT_CONVERSION = YES_AGGRESSIVE;
				CLANG_CXX_LANGUAGE_STANDARD = "gnu++14";
				CLANG_CXX_LIBRARY = "libc++";
				CLANG_ENABLE_MODULES = YES;
				CLANG_ENABLE_OBJC_ARC = YES;
				CLANG_ENABLE_OBJC_WEAK = YES;
				CLANG_WARN_BLOCK_CAPTURE_AUTORELEASING = YES;
				CLANG_WARN_BOOL_CONVERSION = YES;
				CLANG_WARN_COMMA = YES;
				CLANG_WARN_CONSTANT_CONVERSION = YES;
				CLANG_WARN_DEPRECATED_OBJC_IMPLEMENTATIONS = YES;
				CLANG_WARN_DIRECT_OBJC_ISA_USAGE = YES_ERROR;
				CLANG_WARN_DOCUMENTATION_COMMENTS = YES;
				CLANG_WARN_EMPTY_BODY = YES;
				CLANG_WARN_ENUM_CONVERSION = YES;
				CLANG_WARN_INFINITE_RECURSION = YES;
				CLANG_WARN_INT_CONVERSION = YES;
				CLANG_WARN_NON_LITERAL_NULL_CONVERSION = YES;
				CLANG_WARN_OBJC_IMPLICIT_RETAIN_SELF = YES;
				CLANG_WARN_OBJC_LITERAL_CONVERSION = YES;
				CLANG_WARN_OBJC_ROOT_CLASS = YES_ERROR;
				CLANG_WARN_QUOTED_INCLUDE_IN_FRAMEWORK_HEADER = YES;
				CLANG_WARN_RANGE_LOOP_ANALYSIS = YES;
				CLANG_WARN_STRICT_PROTOTYPES = YES;
				CLANG_WARN_SUSPICIOUS_MOVE = YES;
				CLANG_WARN_UNGUARDED_AVAILABILITY = YES_AGGRESSIVE;
				CLANG_WARN_UNREACHABLE_CODE = YES;
				CLANG_WARN__DUPLICATE_METHOD_MATCH = YES;
				COPY_PHASE_STRIP = NO;
				DEBUG_INFORMATION_FORMAT = dwarf;
				ENABLE_STRICT_OBJC_MSGSEND = YES;
				ENABLE_TESTABILITY = YES;
				GCC_C_LANGUAGE_STANDARD = gnu11;
				GCC_DYNAMIC_NO_PIC = NO;
				GCC_NO_COMMON_BLOCKS = YES;
				GCC_OPTIMIZATION_LEVEL = 0;
				GCC_PREPROCESSOR_DEFINITIONS = (
					"DEBUG=1",
					"$(inherited)",
				);
				GCC_WARN_64_TO_32_BIT_CONVERSION = YES;
				GCC_WARN_ABOUT_RETURN_TYPE = YES_ERROR;
				GCC_WARN_UNDECLARED_SELECTOR = YES;
				GCC_WARN_UNINITIALIZED_AUTOS = YES_AGGRESSIVE;
				GCC_WARN_UNUSED_FUNCTION = YES;
				GCC_WARN_UNUSED_VARIABLE = YES;
				IPHONEOS_DEPLOYMENT_TARGET = 14.4;
				MTL_ENABLE_DEBUG_INFO = INCLUDE_SOURCE;
				MTL_FAST_MATH = YES;
				ONLY_ACTIVE_ARCH = YES;
				SDKROOT = iphoneos;
				SWIFT_ACTIVE_COMPILATION_CONDITIONS = DEBUG;
				SWIFT_OPTIMIZATION_LEVEL = "-Onone";
			};
			name = Debug;
		};
		38B01A9226301BA80094ECD7 /* Release */ = {
			isa = XCBuildConfiguration;
			buildSettings = {
				ALWAYS_SEARCH_USER_PATHS = NO;
				CLANG_ANALYZER_NONNULL = YES;
				CLANG_ANALYZER_NUMBER_OBJECT_CONVERSION = YES_AGGRESSIVE;
				CLANG_CXX_LANGUAGE_STANDARD = "gnu++14";
				CLANG_CXX_LIBRARY = "libc++";
				CLANG_ENABLE_MODULES = YES;
				CLANG_ENABLE_OBJC_ARC = YES;
				CLANG_ENABLE_OBJC_WEAK = YES;
				CLANG_WARN_BLOCK_CAPTURE_AUTORELEASING = YES;
				CLANG_WARN_BOOL_CONVERSION = YES;
				CLANG_WARN_COMMA = YES;
				CLANG_WARN_CONSTANT_CONVERSION = YES;
				CLANG_WARN_DEPRECATED_OBJC_IMPLEMENTATIONS = YES;
				CLANG_WARN_DIRECT_OBJC_ISA_USAGE = YES_ERROR;
				CLANG_WARN_DOCUMENTATION_COMMENTS = YES;
				CLANG_WARN_EMPTY_BODY = YES;
				CLANG_WARN_ENUM_CONVERSION = YES;
				CLANG_WARN_INFINITE_RECURSION = YES;
				CLANG_WARN_INT_CONVERSION = YES;
				CLANG_WARN_NON_LITERAL_NULL_CONVERSION = YES;
				CLANG_WARN_OBJC_IMPLICIT_RETAIN_SELF = YES;
				CLANG_WARN_OBJC_LITERAL_CONVERSION = YES;
				CLANG_WARN_OBJC_ROOT_CLASS = YES_ERROR;
				CLANG_WARN_QUOTED_INCLUDE_IN_FRAMEWORK_HEADER = YES;
				CLANG_WARN_RANGE_LOOP_ANALYSIS = YES;
				CLANG_WARN_STRICT_PROTOTYPES = YES;
				CLANG_WARN_SUSPICIOUS_MOVE = YES;
				CLANG_WARN_UNGUARDED_AVAILABILITY = YES_AGGRESSIVE;
				CLANG_WARN_UNREACHABLE_CODE = YES;
				CLANG_WARN__DUPLICATE_METHOD_MATCH = YES;
				COPY_PHASE_STRIP = NO;
				DEBUG_INFORMATION_FORMAT = "dwarf-with-dsym";
				ENABLE_NS_ASSERTIONS = NO;
				ENABLE_STRICT_OBJC_MSGSEND = YES;
				GCC_C_LANGUAGE_STANDARD = gnu11;
				GCC_NO_COMMON_BLOCKS = YES;
				GCC_WARN_64_TO_32_BIT_CONVERSION = YES;
				GCC_WARN_ABOUT_RETURN_TYPE = YES_ERROR;
				GCC_WARN_UNDECLARED_SELECTOR = YES;
				GCC_WARN_UNINITIALIZED_AUTOS = YES_AGGRESSIVE;
				GCC_WARN_UNUSED_FUNCTION = YES;
				GCC_WARN_UNUSED_VARIABLE = YES;
				IPHONEOS_DEPLOYMENT_TARGET = 14.4;
				MTL_ENABLE_DEBUG_INFO = NO;
				MTL_FAST_MATH = YES;
				SDKROOT = iphoneos;
				SWIFT_COMPILATION_MODE = wholemodule;
				SWIFT_OPTIMIZATION_LEVEL = "-O";
				VALIDATE_PRODUCT = YES;
			};
			name = Release;
		};
		38B01A9426301BA80094ECD7 /* Debug */ = {
			isa = XCBuildConfiguration;
			buildSettings = {
				ASSETCATALOG_COMPILER_APPICON_NAME = AppIcon;
				ASSETCATALOG_COMPILER_GLOBAL_ACCENT_COLOR_NAME = AccentColor;
				CODE_SIGN_STYLE = Automatic;
				DEVELOPMENT_ASSET_PATHS = "\"BedSetGo/Preview Content\"";
				DEVELOPMENT_TEAM = D29WR6B5L2;
				ENABLE_PREVIEWS = YES;
				INFOPLIST_FILE = BedSetGo/Info.plist;
				IPHONEOS_DEPLOYMENT_TARGET = 14.0;
				LD_RUNPATH_SEARCH_PATHS = (
					"$(inherited)",
					"@executable_path/Frameworks",
				);
				PRODUCT_BUNDLE_IDENTIFIER = AbhiKulshrestha.StaySafe.BedSetGo;
				PRODUCT_NAME = "$(TARGET_NAME)";
				SWIFT_VERSION = 5.0;
				TARGETED_DEVICE_FAMILY = "1,2";
			};
			name = Debug;
		};
		38B01A9526301BA80094ECD7 /* Release */ = {
			isa = XCBuildConfiguration;
			buildSettings = {
				ASSETCATALOG_COMPILER_APPICON_NAME = AppIcon;
				ASSETCATALOG_COMPILER_GLOBAL_ACCENT_COLOR_NAME = AccentColor;
				CODE_SIGN_STYLE = Automatic;
				DEVELOPMENT_ASSET_PATHS = "\"BedSetGo/Preview Content\"";
				DEVELOPMENT_TEAM = D29WR6B5L2;
				ENABLE_PREVIEWS = YES;
				INFOPLIST_FILE = BedSetGo/Info.plist;
				IPHONEOS_DEPLOYMENT_TARGET = 14.0;
				LD_RUNPATH_SEARCH_PATHS = (
					"$(inherited)",
					"@executable_path/Frameworks",
				);
				PRODUCT_BUNDLE_IDENTIFIER = AbhiKulshrestha.StaySafe.BedSetGo;
				PRODUCT_NAME = "$(TARGET_NAME)";
				SWIFT_VERSION = 5.0;
				TARGETED_DEVICE_FAMILY = "1,2";
			};
			name = Release;
		};
		38B01A9726301BA80094ECD7 /* Debug */ = {
			isa = XCBuildConfiguration;
			buildSettings = {
				ALWAYS_EMBED_SWIFT_STANDARD_LIBRARIES = YES;
				BUNDLE_LOADER = "$(TEST_HOST)";
				CODE_SIGN_STYLE = Automatic;
				DEVELOPMENT_TEAM = D29WR6B5L2;
				INFOPLIST_FILE = SleepCalculatorAppTests/Info.plist;
				IPHONEOS_DEPLOYMENT_TARGET = 14.0;
				LD_RUNPATH_SEARCH_PATHS = (
					"$(inherited)",
					"@executable_path/Frameworks",
					"@loader_path/Frameworks",
				);
				PRODUCT_BUNDLE_IDENTIFIER = AbhiKulshrestha.StaySafe.SleepCalculatorAppTests;
				PRODUCT_NAME = "$(TARGET_NAME)";
				SWIFT_VERSION = 5.0;
				TARGETED_DEVICE_FAMILY = "1,2";
				TEST_HOST = "$(BUILT_PRODUCTS_DIR)/BedSetGo.app/BedSetGo";
			};
			name = Debug;
		};
		38B01A9826301BA80094ECD7 /* Release */ = {
			isa = XCBuildConfiguration;
			buildSettings = {
				ALWAYS_EMBED_SWIFT_STANDARD_LIBRARIES = YES;
				BUNDLE_LOADER = "$(TEST_HOST)";
				CODE_SIGN_STYLE = Automatic;
				DEVELOPMENT_TEAM = D29WR6B5L2;
				INFOPLIST_FILE = SleepCalculatorAppTests/Info.plist;
				IPHONEOS_DEPLOYMENT_TARGET = 14.0;
				LD_RUNPATH_SEARCH_PATHS = (
					"$(inherited)",
					"@executable_path/Frameworks",
					"@loader_path/Frameworks",
				);
				PRODUCT_BUNDLE_IDENTIFIER = AbhiKulshrestha.StaySafe.SleepCalculatorAppTests;
				PRODUCT_NAME = "$(TARGET_NAME)";
				SWIFT_VERSION = 5.0;
				TARGETED_DEVICE_FAMILY = "1,2";
				TEST_HOST = "$(BUILT_PRODUCTS_DIR)/BedSetGo.app/BedSetGo";
			};
			name = Release;
		};
		38B01A9A26301BA80094ECD7 /* Debug */ = {
			isa = XCBuildConfiguration;
			buildSettings = {
				ALWAYS_EMBED_SWIFT_STANDARD_LIBRARIES = YES;
				CODE_SIGN_STYLE = Automatic;
				DEVELOPMENT_TEAM = D29WR6B5L2;
				INFOPLIST_FILE = SleepCalculatorAppUITests/Info.plist;
				LD_RUNPATH_SEARCH_PATHS = (
					"$(inherited)",
					"@executable_path/Frameworks",
					"@loader_path/Frameworks",
				);
				PRODUCT_BUNDLE_IDENTIFIER = AbhiKulshrestha.StaySafe.SleepCalculatorAppUITests;
				PRODUCT_NAME = "$(TARGET_NAME)";
				SWIFT_VERSION = 5.0;
				TARGETED_DEVICE_FAMILY = "1,2";
				TEST_TARGET_NAME = SleepCalculatorApp;
			};
			name = Debug;
		};
		38B01A9B26301BA80094ECD7 /* Release */ = {
			isa = XCBuildConfiguration;
			buildSettings = {
				ALWAYS_EMBED_SWIFT_STANDARD_LIBRARIES = YES;
				CODE_SIGN_STYLE = Automatic;
				DEVELOPMENT_TEAM = D29WR6B5L2;
				INFOPLIST_FILE = SleepCalculatorAppUITests/Info.plist;
				LD_RUNPATH_SEARCH_PATHS = (
					"$(inherited)",
					"@executable_path/Frameworks",
					"@loader_path/Frameworks",
				);
				PRODUCT_BUNDLE_IDENTIFIER = AbhiKulshrestha.StaySafe.SleepCalculatorAppUITests;
				PRODUCT_NAME = "$(TARGET_NAME)";
				SWIFT_VERSION = 5.0;
				TARGETED_DEVICE_FAMILY = "1,2";
				TEST_TARGET_NAME = SleepCalculatorApp;
			};
			name = Release;
		};
/* End XCBuildConfiguration section */

/* Begin XCConfigurationList section */
		38B01A6926301BA70094ECD7 /* Build configuration list for PBXProject "BedSetGo" */ = {
			isa = XCConfigurationList;
			buildConfigurations = (
				38B01A9126301BA80094ECD7 /* Debug */,
				38B01A9226301BA80094ECD7 /* Release */,
			);
			defaultConfigurationIsVisible = 0;
			defaultConfigurationName = Release;
		};
		38B01A9326301BA80094ECD7 /* Build configuration list for PBXNativeTarget "BedSetGo" */ = {
			isa = XCConfigurationList;
			buildConfigurations = (
				38B01A9426301BA80094ECD7 /* Debug */,
				38B01A9526301BA80094ECD7 /* Release */,
			);
			defaultConfigurationIsVisible = 0;
			defaultConfigurationName = Release;
		};
		38B01A9626301BA80094ECD7 /* Build configuration list for PBXNativeTarget "BedSetGoTests" */ = {
			isa = XCConfigurationList;
			buildConfigurations = (
				38B01A9726301BA80094ECD7 /* Debug */,
				38B01A9826301BA80094ECD7 /* Release */,
			);
			defaultConfigurationIsVisible = 0;
			defaultConfigurationName = Release;
		};
		38B01A9926301BA80094ECD7 /* Build configuration list for PBXNativeTarget "BedSetGoUITests" */ = {
			isa = XCConfigurationList;
			buildConfigurations = (
				38B01A9A26301BA80094ECD7 /* Debug */,
				38B01A9B26301BA80094ECD7 /* Release */,
			);
			defaultConfigurationIsVisible = 0;
			defaultConfigurationName = Release;
		};
/* End XCConfigurationList section */
	};
	rootObject = 38B01A6626301BA70094ECD7 /* Project object */;
}
